
Microsoft Visual Studio Solution File, Format Version 12.00
# Visual Studio Version 17
VisualStudioVersion = 17.5.33516.290
MinimumVisualStudioVersion = 10.0.40219.1
Project("{9A19103F-16F7-4668-BE54-9A1E7A4F7556}") = "001-merge-two-sorted-lists", "merge-two-sorted-lists\001-merge-two-sorted-lists.csproj", "{6525B158-4157-49F0-9E82-68F54BEE83C1}"
EndProject
Project("{9A19103F-16F7-4668-BE54-9A1E7A4F7556}") = "002-longest-common-prefix", "longest-common-prefix\002-longest-common-prefix.csproj", "{3CA89479-8D0A-4795-BD05-6A1D3C6229BD}"
EndProject
Project("{9A19103F-16F7-4668-BE54-9A1E7A4F7556}") = "003-valid-parentheses", "003-valid-parentheses\003-valid-parentheses.csproj", "{1E3CD497-322D-4BFD-A7FA-CC428377274F}"
EndProject
Project("{9A19103F-16F7-4668-BE54-9A1E7A4F7556}") = "004-remove-duplicates-from-sorted-array", "004-remove-duplicates-from-sorted-array\004-remove-duplicates-from-sorted-array.csproj", "{DA4CE6A2-480C-44F3-B883-FC973BA208BD}"
EndProject
Project("{9A19103F-16F7-4668-BE54-9A1E7A4F7556}") = "005-remove-element", "005-remove-element\005-remove-element.csproj", "{64C9181A-7B4A-4ABA-862B-81C87D755B30}"
EndProject
Project("{9A19103F-16F7-4668-BE54-9A1E7A4F7556}") = "006-find-the-index-of-the-first-occurence-in-a-string", "006-find-the-index-of-the-first-occurence-in-a-string\006-find-the-index-of-the-first-occurence-in-a-string.csproj", "{15C69881-D18F-43B3-9305-18469714F426}"
EndProject
Project("{FAE04EC0-301F-11D3-BF4B-00C04F79EFBC}") = "007-search-insert-position", "007-search-insert-position\007-search-insert-position.csproj", "{F86FDD8E-1DF8-4840-928C-FEBD1AAC0DF9}"
EndProject
Project("{FAE04EC0-301F-11D3-BF4B-00C04F79EFBC}") = "008-length of last word", "008-length of last word\008-length of last word.csproj", "{BDA0EBF8-D7FD-421A-85C5-8956A2B3E159}"
EndProject
Project("{FAE04EC0-301F-11D3-BF4B-00C04F79EFBC}") = "009-plus one", "009-plus one\009-plus one.csproj", "{E7C612E0-76F5-4554-BE24-67CFC0CCBCF4}"
EndProject
Global
	GlobalSection(SolutionConfigurationPlatforms) = preSolution
		Debug|Any CPU = Debug|Any CPU
		Release|Any CPU = Release|Any CPU
	EndGlobalSection
	GlobalSection(ProjectConfigurationPlatforms) = postSolution
		{6525B158-4157-49F0-9E82-68F54BEE83C1}.Debug|Any CPU.ActiveCfg = Debug|Any CPU
		{6525B158-4157-49F0-9E82-68F54BEE83C1}.Debug|Any CPU.Build.0 = Debug|Any CPU
		{6525B158-4157-49F0-9E82-68F54BEE83C1}.Release|Any CPU.ActiveCfg = Release|Any CPU
		{6525B158-4157-49F0-9E82-68F54BEE83C1}.Release|Any CPU.Build.0 = Release|Any CPU
		{3CA89479-8D0A-4795-BD05-6A1D3C6229BD}.Debug|Any CPU.ActiveCfg = Debug|Any CPU
		{3CA89479-8D0A-4795-BD05-6A1D3C6229BD}.Debug|Any CPU.Build.0 = Debug|Any CPU
		{3CA89479-8D0A-4795-BD05-6A1D3C6229BD}.Release|Any CPU.ActiveCfg = Release|Any CPU
		{3CA89479-8D0A-4795-BD05-6A1D3C6229BD}.Release|Any CPU.Build.0 = Release|Any CPU
		{1E3CD497-322D-4BFD-A7FA-CC428377274F}.Debug|Any CPU.ActiveCfg = Debug|Any CPU
		{1E3CD497-322D-4BFD-A7FA-CC428377274F}.Debug|Any CPU.Build.0 = Debug|Any CPU
		{1E3CD497-322D-4BFD-A7FA-CC428377274F}.Release|Any CPU.ActiveCfg = Release|Any CPU
		{1E3CD497-322D-4BFD-A7FA-CC428377274F}.Release|Any CPU.Build.0 = Release|Any CPU
		{DA4CE6A2-480C-44F3-B883-FC973BA208BD}.Debug|Any CPU.ActiveCfg = Debug|Any CPU
		{DA4CE6A2-480C-44F3-B883-FC973BA208BD}.Debug|Any CPU.Build.0 = Debug|Any CPU
		{DA4CE6A2-480C-44F3-B883-FC973BA208BD}.Release|Any CPU.ActiveCfg = Release|Any CPU
		{DA4CE6A2-480C-44F3-B883-FC973BA208BD}.Release|Any CPU.Build.0 = Release|Any CPU
		{64C9181A-7B4A-4ABA-862B-81C87D755B30}.Debug|Any CPU.ActiveCfg = Debug|Any CPU
		{64C9181A-7B4A-4ABA-862B-81C87D755B30}.Debug|Any CPU.Build.0 = Debug|Any CPU
		{64C9181A-7B4A-4ABA-862B-81C87D755B30}.Release|Any CPU.ActiveCfg = Release|Any CPU
		{64C9181A-7B4A-4ABA-862B-81C87D755B30}.Release|Any CPU.Build.0 = Release|Any CPU
		{15C69881-D18F-43B3-9305-18469714F426}.Debug|Any CPU.ActiveCfg = Debug|Any CPU
		{15C69881-D18F-43B3-9305-18469714F426}.Debug|Any CPU.Build.0 = Debug|Any CPU
		{15C69881-D18F-43B3-9305-18469714F426}.Release|Any CPU.ActiveCfg = Release|Any CPU
		{15C69881-D18F-43B3-9305-18469714F426}.Release|Any CPU.Build.0 = Release|Any CPU
		{F86FDD8E-1DF8-4840-928C-FEBD1AAC0DF9}.Debug|Any CPU.ActiveCfg = Debug|Any CPU
		{F86FDD8E-1DF8-4840-928C-FEBD1AAC0DF9}.Debug|Any CPU.Build.0 = Debug|Any CPU
		{F86FDD8E-1DF8-4840-928C-FEBD1AAC0DF9}.Release|Any CPU.ActiveCfg = Release|Any CPU
		{F86FDD8E-1DF8-4840-928C-FEBD1AAC0DF9}.Release|Any CPU.Build.0 = Release|Any CPU
		{BDA0EBF8-D7FD-421A-85C5-8956A2B3E159}.Debug|Any CPU.ActiveCfg = Debug|Any CPU
		{BDA0EBF8-D7FD-421A-85C5-8956A2B3E159}.Debug|Any CPU.Build.0 = Debug|Any CPU
		{BDA0EBF8-D7FD-421A-85C5-8956A2B3E159}.Release|Any CPU.ActiveCfg = Release|Any CPU
		{BDA0EBF8-D7FD-421A-85C5-8956A2B3E159}.Release|Any CPU.Build.0 = Release|Any CPU
		{E7C612E0-76F5-4554-BE24-67CFC0CCBCF4}.Debug|Any CPU.ActiveCfg = Debug|Any CPU
		{E7C612E0-76F5-4554-BE24-67CFC0CCBCF4}.Debug|Any CPU.Build.0 = Debug|Any CPU
		{E7C612E0-76F5-4554-BE24-67CFC0CCBCF4}.Release|Any CPU.ActiveCfg = Release|Any CPU
		{E7C612E0-76F5-4554-BE24-67CFC0CCBCF4}.Release|Any CPU.Build.0 = Release|Any CPU
	EndGlobalSection
	GlobalSection(SolutionProperties) = preSolution
		HideSolutionNode = FALSE
	EndGlobalSection
	GlobalSection(ExtensibilityGlobals) = postSolution
		SolutionGuid = {EA34B077-F7E4-486C-A43B-9861FE548252}
	EndGlobalSection
EndGlobal
